
Microsoft Visual Studio Solution File, Format Version 12.00
# Visual Studio 2012
Project("{E24C65DC-7377-472B-9ABA-BC803B73C61A}") = "Knockout.Forms.Site", "http://localhost:58235", "{2C575FF0-9D8A-4D52-96AF-2C692A977C4C}"
	ProjectSection(WebsiteProperties) = preProject
		UseIISExpress = "true"
		TargetFrameworkMoniker = ".NETFramework,Version%3Dv4.5"
		Debug.AspNetCompiler.VirtualPath = "/localhost_58235"
		Debug.AspNetCompiler.PhysicalPath = "Knockout.Forms.Site\"
		Debug.AspNetCompiler.TargetPath = "PrecompiledWeb\localhost_58235\"
		Debug.AspNetCompiler.Updateable = "true"
		Debug.AspNetCompiler.ForceOverwrite = "true"
		Debug.AspNetCompiler.FixedNames = "false"
		Debug.AspNetCompiler.Debug = "True"
		Release.AspNetCompiler.VirtualPath = "/localhost_58235"
		Release.AspNetCompiler.PhysicalPath = "Knockout.Forms.Site\"
		Release.AspNetCompiler.TargetPath = "PrecompiledWeb\localhost_58235\"
		Release.AspNetCompiler.Updateable = "true"
		Release.AspNetCompiler.ForceOverwrite = "true"
		Release.AspNetCompiler.FixedNames = "false"
		Release.AspNetCompiler.Debug = "False"
		SlnRelativePath = "Knockout.Forms.Site\"
		DefaultWebSiteLanguage = "Visual C#"
	EndProjectSection
EndProject
Global
	GlobalSection(SolutionConfigurationPlatforms) = preSolution
		Debug|Any CPU = Debug|Any CPU
	EndGlobalSection
	GlobalSection(ProjectConfigurationPlatforms) = postSolution
		{2C575FF0-9D8A-4D52-96AF-2C692A977C4C}.Debug|Any CPU.ActiveCfg = Debug|Any CPU
		{2C575FF0-9D8A-4D52-96AF-2C692A977C4C}.Debug|Any CPU.Build.0 = Debug|Any CPU
	EndGlobalSection
	GlobalSection(SolutionProperties) = preSolution
		HideSolutionNode = FALSE
	EndGlobalSection
EndGlobal
