
Microsoft Visual Studio Solution File, Format Version 12.00
# Visual Studio 2012
Project("{E24C65DC-7377-472B-9ABA-BC803B73C61A}") = "Valerie.Site", "http://localhost:50185", "{B2E3E60E-F6EE-40A5-8F7F-C35DB9E2CF86}"
	ProjectSection(WebsiteProperties) = preProject
		UseIISExpress = "true"
		TargetFrameworkMoniker = ".NETFramework,Version%3Dv4.5"
		Debug.AspNetCompiler.VirtualPath = "/Valerie.Site"
		Debug.AspNetCompiler.PhysicalPath = "Valerie.Site\"
		Debug.AspNetCompiler.TargetPath = "PrecompiledWeb\Valerie.Site\"
		Debug.AspNetCompiler.Updateable = "false"
		Debug.AspNetCompiler.ForceOverwrite = "true"
		Debug.AspNetCompiler.FixedNames = "false"
		Debug.AspNetCompiler.Debug = "True"
		Release.AspNetCompiler.VirtualPath = "/Valerie.Site"
		Release.AspNetCompiler.PhysicalPath = "Valerie.Site\"
		Release.AspNetCompiler.TargetPath = "PrecompiledWeb\Valerie.Site\"
		Release.AspNetCompiler.Updateable = "false"
		Release.AspNetCompiler.ForceOverwrite = "true"
		Release.AspNetCompiler.FixedNames = "false"
		Release.AspNetCompiler.Debug = "False"
		SlnRelativePath = "Valerie.Site\"
	EndProjectSection
EndProject
Global
	GlobalSection(SolutionConfigurationPlatforms) = preSolution
		Debug|Any CPU = Debug|Any CPU
	EndGlobalSection
	GlobalSection(ProjectConfigurationPlatforms) = postSolution
		{B2E3E60E-F6EE-40A5-8F7F-C35DB9E2CF86}.Debug|Any CPU.ActiveCfg = Debug|Any CPU
		{B2E3E60E-F6EE-40A5-8F7F-C35DB9E2CF86}.Debug|Any CPU.Build.0 = Debug|Any CPU
	EndGlobalSection
	GlobalSection(SolutionProperties) = preSolution
		HideSolutionNode = FALSE
	EndGlobalSection
EndGlobal
